
Microsoft Visual Studio Solution File, Format Version 12.00
# Visual Studio 2012
Project("{FAE04EC0-301F-11D3-BF4B-00C04F79EFBC}") = "SHABS.DB", "SHABS.DB\SHABS.DB.csproj", "{39DC7B53-3A0E-4B3A-B96D-040A70CB09E8}"
EndProject
Project("{FAE04EC0-301F-11D3-BF4B-00C04F79EFBC}") = "SHABS.COMMON", "SHABS.COMMON\SHABS.COMMON.csproj", "{C3945585-760E-4EA0-B56C-A3583CE30A99}"
EndProject
Project("{FAE04EC0-301F-11D3-BF4B-00C04F79EFBC}") = "SHABS.MODELS", "SHABS.MODELS\SHABS.MODELS.csproj", "{B0D11989-99C7-4693-9ABA-E3CE78F2981B}"
EndProject
Project("{FAE04EC0-301F-11D3-BF4B-00C04F79EFBC}") = "SHABS.BUSINESSSERVICES", "SHABS.BUSINESSSERVICES\SHABS.BUSINESSSERVICES.csproj", "{32F29438-BB8E-438B-8A0B-17F3E6271922}"
EndProject
Project("{FAE04EC0-301F-11D3-BF4B-00C04F79EFBC}") = "ITEK.WEBAPI", "ITEK.WEBAPI\ITEK.WEBAPI.csproj", "{8F2862B5-951B-4900-BB72-A97F5CA5F27A}"
EndProject
Project("{FAE04EC0-301F-11D3-BF4B-00C04F79EFBC}") = "ITEK.EMAILHELPER", "ITEK.EMAILHELPER\ITEK.EMAILHELPER.csproj", "{F64A61AC-AC32-42E3-BEB6-1F831E6768A7}"
EndProject
Project("{FAE04EC0-301F-11D3-BF4B-00C04F79EFBC}") = "PostHelper", "PostHelper\PostHelper.csproj", "{E3E535CB-6CEC-4F3B-9FF9-0553033CB0F3}"
EndProject
Project("{FAE04EC0-301F-11D3-BF4B-00C04F79EFBC}") = "SHABS.OBJECTPOOL", "SHABS.OBJECTPOOL\SHABS.OBJECTPOOL.csproj", "{43B4370C-1A92-413E-B433-9612C64A905A}"
EndProject
Global
	GlobalSection(SolutionConfigurationPlatforms) = preSolution
		Debug|Any CPU = Debug|Any CPU
		Release|Any CPU = Release|Any CPU
	EndGlobalSection
	GlobalSection(ProjectConfigurationPlatforms) = postSolution
		{39DC7B53-3A0E-4B3A-B96D-040A70CB09E8}.Debug|Any CPU.ActiveCfg = Debug|Any CPU
		{39DC7B53-3A0E-4B3A-B96D-040A70CB09E8}.Debug|Any CPU.Build.0 = Debug|Any CPU
		{39DC7B53-3A0E-4B3A-B96D-040A70CB09E8}.Release|Any CPU.ActiveCfg = Release|Any CPU
		{39DC7B53-3A0E-4B3A-B96D-040A70CB09E8}.Release|Any CPU.Build.0 = Release|Any CPU
		{C3945585-760E-4EA0-B56C-A3583CE30A99}.Debug|Any CPU.ActiveCfg = Debug|Any CPU
		{C3945585-760E-4EA0-B56C-A3583CE30A99}.Debug|Any CPU.Build.0 = Debug|Any CPU
		{C3945585-760E-4EA0-B56C-A3583CE30A99}.Release|Any CPU.ActiveCfg = Release|Any CPU
		{C3945585-760E-4EA0-B56C-A3583CE30A99}.Release|Any CPU.Build.0 = Release|Any CPU
		{B0D11989-99C7-4693-9ABA-E3CE78F2981B}.Debug|Any CPU.ActiveCfg = Debug|Any CPU
		{B0D11989-99C7-4693-9ABA-E3CE78F2981B}.Debug|Any CPU.Build.0 = Debug|Any CPU
		{B0D11989-99C7-4693-9ABA-E3CE78F2981B}.Release|Any CPU.ActiveCfg = Release|Any CPU
		{B0D11989-99C7-4693-9ABA-E3CE78F2981B}.Release|Any CPU.Build.0 = Release|Any CPU
		{32F29438-BB8E-438B-8A0B-17F3E6271922}.Debug|Any CPU.ActiveCfg = Debug|Any CPU
		{32F29438-BB8E-438B-8A0B-17F3E6271922}.Debug|Any CPU.Build.0 = Debug|Any CPU
		{32F29438-BB8E-438B-8A0B-17F3E6271922}.Release|Any CPU.ActiveCfg = Release|Any CPU
		{32F29438-BB8E-438B-8A0B-17F3E6271922}.Release|Any CPU.Build.0 = Release|Any CPU
		{8F2862B5-951B-4900-BB72-A97F5CA5F27A}.Debug|Any CPU.ActiveCfg = Debug|Any CPU
		{8F2862B5-951B-4900-BB72-A97F5CA5F27A}.Debug|Any CPU.Build.0 = Debug|Any CPU
		{8F2862B5-951B-4900-BB72-A97F5CA5F27A}.Release|Any CPU.ActiveCfg = Release|Any CPU
		{8F2862B5-951B-4900-BB72-A97F5CA5F27A}.Release|Any CPU.Build.0 = Release|Any CPU
		{F64A61AC-AC32-42E3-BEB6-1F831E6768A7}.Debug|Any CPU.ActiveCfg = Debug|Any CPU
		{F64A61AC-AC32-42E3-BEB6-1F831E6768A7}.Debug|Any CPU.Build.0 = Debug|Any CPU
		{F64A61AC-AC32-42E3-BEB6-1F831E6768A7}.Release|Any CPU.ActiveCfg = Release|Any CPU
		{F64A61AC-AC32-42E3-BEB6-1F831E6768A7}.Release|Any CPU.Build.0 = Release|Any CPU
		{E3E535CB-6CEC-4F3B-9FF9-0553033CB0F3}.Debug|Any CPU.ActiveCfg = Debug|Any CPU
		{E3E535CB-6CEC-4F3B-9FF9-0553033CB0F3}.Debug|Any CPU.Build.0 = Debug|Any CPU
		{E3E535CB-6CEC-4F3B-9FF9-0553033CB0F3}.Release|Any CPU.ActiveCfg = Release|Any CPU
		{E3E535CB-6CEC-4F3B-9FF9-0553033CB0F3}.Release|Any CPU.Build.0 = Release|Any CPU
		{43B4370C-1A92-413E-B433-9612C64A905A}.Debug|Any CPU.ActiveCfg = Debug|Any CPU
		{43B4370C-1A92-413E-B433-9612C64A905A}.Debug|Any CPU.Build.0 = Debug|Any CPU
		{43B4370C-1A92-413E-B433-9612C64A905A}.Release|Any CPU.ActiveCfg = Release|Any CPU
		{43B4370C-1A92-413E-B433-9612C64A905A}.Release|Any CPU.Build.0 = Release|Any CPU
	EndGlobalSection
	GlobalSection(SolutionProperties) = preSolution
		HideSolutionNode = FALSE
	EndGlobalSection
EndGlobal
